# THIS IS AN AUTOGENERATED FILE. DO NOT EDIT THIS FILE DIRECTLY.
# yarn lockfile v1


accepts@~1.3.3:
  version "1.3.3"
  resolved "https://registry.npmjs.org/accepts/-/accepts-1.3.3.tgz"
  integrity sha512-AOPopplFOUlmUugwiZUCDpOwmqvSgdCyE8iJVLWI4NcB7qfMKQN34dn5xYtlUU03XGG5egRWW4NW5gIxpa5hEA==
  dependencies:
    mime-types "~2.1.11"
    negotiator "0.6.1"

array-flatten@1.1.1:
  version "1.1.1"
  resolved "https://registry.npmjs.org/array-flatten/-/array-flatten-1.1.1.tgz"
  integrity sha512-PCVAQswWemu6UdxsDFFX/+gVeYqKAod3D3UVm91jHwynguOwAvYPhx8nNlM++NqRcK6CxxpUafjmhIdKiHibqg==

async@0.2.9:
  version "0.2.9"
  resolved "https://registry.npmjs.org/async/-/async-0.2.9.tgz"
  integrity sha512-OAtM6mexGteNKdU29wcUfRW+VuBr94A3hx9h9yzBnPaQAbKoW1ORd68XM4CCAOpdL5wlNFgO29hsY1TKv2vAKw==

asynckit@^0.4.0:
  version "0.4.0"
  resolved "https://registry.npmjs.org/asynckit/-/asynckit-0.4.0.tgz"
  integrity sha512-Oei9OH4tRh0YqU3GxhX79dM/mwVgvbZJaSNaRk+bshkj0S5cfHcgYakreBjrHwatXKbz+IoIdYLxrKim2MjW0Q==

basic-auth@~1.1.0:
  version "1.1.0"
  resolved "https://registry.npmjs.org/basic-auth/-/basic-auth-1.1.0.tgz"
  integrity sha512-CtGuTyWf3ig+sgRyC7uP6DM3N+5ur/p8L+FPfsd+BbIfIs74TFfCajZTHnCw6K5dqM0bZEbRIqRy1fAdiUJhTA==

buffer-shims@~1.0.0:
  version "1.0.0"
  resolved "https://registry.npmjs.org/buffer-shims/-/buffer-shims-1.0.0.tgz"
  integrity sha512-Zy8ZXMyxIT6RMTeY7OP/bDndfj6bwCan7SS98CEndS6deHwWPpseeHlwarNcBim+etXnF9HBc1non5JgDaJU1g==

combined-stream@^1.0.5:
  version "1.0.5"
  resolved "https://registry.npmjs.org/combined-stream/-/combined-stream-1.0.5.tgz"
  integrity sha512-JgSRe4l4UzPwpJuxfcPWEK1SCrL4dxNjp1uqrQLMop3QZUVo+hDU8w9BJKA4JPbulTWI+UzrI2UA3tK12yQ6bg==
  dependencies:
    delayed-stream "~1.0.0"

component-emitter@^1.2.0:
  version "1.2.1"
  resolved "https://registry.npmjs.org/component-emitter/-/component-emitter-1.2.1.tgz"
  integrity sha512-jPatnhd33viNplKjqXKRkGU345p263OIWzDL2wH3LGIGp5Kojo+uXizHmOADRvhGFFTnJqX3jBAKP6vvmSDKcA==

content-disposition@0.5.2:
  version "0.5.2"
  resolved "https://registry.npmjs.org/content-disposition/-/content-disposition-0.5.2.tgz"
  integrity sha512-kRGRZw3bLlFISDBgwTSA1TMBFN6J6GWDeubmDE3AF+3+yXL8hTWv8r5rkLbqYXY4RjPk/EzHnClI3zQf1cFmHA==

content-type@~1.0.2:
  version "1.0.2"
  resolved "https://registry.npmjs.org/content-type/-/content-type-1.0.2.tgz"
  integrity sha512-TFmXoAjJQD7hApJpE/GttZreniTw+DYE4zlDmPRc8Q75KXrU8hFt3Qeckml/mOTVAxwbMZ3WwdEcQCzTpfV5ZA==

cookie-signature@1.0.6:
  version "1.0.6"
  resolved "https://registry.npmjs.org/cookie-signature/-/cookie-signature-1.0.6.tgz"
  integrity sha512-QADzlaHc8icV8I7vbaJXJwod9HWYp8uCqf1xa4OfNu1T7JVxQIrUgOWtHdNDtPiywmFbiS12VjotIXLrKM3orQ==

cookie@0.3.1:
  version "0.3.1"
  resolved "https://registry.npmjs.org/cookie/-/cookie-0.3.1.tgz"
  integrity sha512-+IJOX0OqlHCszo2mBUq+SrEbCj6w7Kpffqx60zYbPTFaO4+yYgRjHwcZNpWvaTylDHaV7PPmBHzSecZiMhtPgw==

cookiejar@^2.0.6:
  version "2.1.1"
  resolved "https://registry.npmjs.org/cookiejar/-/cookiejar-2.1.1.tgz"
  integrity sha512-hlWcCbN6fF2cu3hQzCWeRfkXLtMB7cNAsqWZ66cU9b3WUtvEA/v9fmUXU/O3FduAX+pnBeQTdzlRBC58cwyQQQ==

core-util-is@~1.0.0:
  version "1.0.2"
  resolved "https://registry.npmjs.org/core-util-is/-/core-util-is-1.0.2.tgz"
  integrity sha512-3lqz5YjWTYnW6dlDa5TLaTCcShfar1e40rmcJVwCBJC6mWlFuj0eCHIElmG1g5kyuJ/GD+8Wn4FFCcz4gJPfaQ==

debug@^2.2.0, debug@2.6.1:
  version "2.6.1"
  resolved "https://registry.npmjs.org/debug/-/debug-2.6.1.tgz"
  integrity sha512-BmFi/QgceF1MztznXEqbZXATlMwzrsfWR9Iahbp4j7vTK+Sel84Mt3SZ/btENs22PSm0bw6NOoZOd2fbOczPRQ==
  dependencies:
    ms "0.7.2"

debug@2.6.4:
  version "2.6.4"
  resolved "https://registry.npmjs.org/debug/-/debug-2.6.4.tgz"
  integrity sha512-jhHoN6DHsKWoWHqswimxiToCuB4ClIbDw4lXDHzJmXGJb0sO3tynCdLe9JHqTXPP5d3oKgp9ynKKsf79765Ilg==
  dependencies:
    ms "0.7.3"

delayed-stream@~1.0.0:
  version "1.0.0"
  resolved "https://registry.npmjs.org/delayed-stream/-/delayed-stream-1.0.0.tgz"
  integrity sha512-ZySD7Nf91aLB0RxL4KGrKHBXl7Eds1DAmEdcoVawXnLD7SDhpNgtuII2aAkg7a7QS41jxPSZ17p4VdGnMHk3MQ==

depd@~1.1.0, depd@1.1.0:
  version "1.1.0"
  resolved "https://registry.npmjs.org/depd/-/depd-1.1.0.tgz"
  integrity sha512-SN03SKT2SwhaAKUnRJ47Scnys7ZL2FuogA/6s9u5+58RAyqhsI2HBDZymMB0omazkYVBAwBHW9ONcjd4iZ8hDQ==

destroy@~1.0.4:
  version "1.0.4"
  resolved "https://registry.npmjs.org/destroy/-/destroy-1.0.4.tgz"
  integrity sha512-3NdhDuEXnfun/z7x9GOElY49LoqVHoGScmOKwmxhsS8N5Y+Z8KyPPDnaSzqWgYt/ji4mqwfTS34Htrk0zPIXVg==

ee-first@1.1.1:
  version "1.1.1"
  resolved "https://registry.npmjs.org/ee-first/-/ee-first-1.1.1.tgz"
  integrity sha512-WMwm9LhRUo+WUaRN+vRuETqG89IgZphVSNkdFgeb6sS/E4OrDIN7t48CAewSHXc6C8lefD8KKfr5vY61brQlow==

encodeurl@~1.0.1:
  version "1.0.1"
  resolved "https://registry.npmjs.org/encodeurl/-/encodeurl-1.0.1.tgz"
  integrity sha512-Emsft8lNRSZ7+fFm2KgTM8OZPcfHip/hNMSkje83n+LqPx5tI4xkCxyunJIG3EZsWHz9sqzohiPR6monRXWD8g==

escape-html@~1.0.3:
  version "1.0.3"
  resolved "https://registry.npmjs.org/escape-html/-/escape-html-1.0.3.tgz"
  integrity sha512-NiSupZ4OeuGwr68lGIeym/ksIZMJodUGOSCZ/FSnTxcrekbvqrgdUxlJOMpijaKZVjAJrWrGs/6Jy8OMuyj9ow==

etag@~1.8.0:
  version "1.8.0"
  resolved "https://registry.npmjs.org/etag/-/etag-1.8.0.tgz"
  integrity sha512-cNpO3IDp+dpOoM+0nNZYJc3ztKz+t6jLuX2Xs87qsFIrlgAqm83zPHtgrbxIREdky8mNTB2o2gIYqx9155CQlA==

express-load@^1.1.15:
  version "1.1.15"
  resolved "https://registry.npmjs.org/express-load/-/express-load-1.1.15.tgz"
  integrity sha512-Z2rBLVosq7WBEyCzqtX8598zhnIxMzRE/m2gdyrxtKIlBdkvtdgbvyHT94nfr1H3KqZTisocMEC/zJQ6FPKYwg==
  dependencies:
    async "0.2.9"

express@^4.15.2:
  version "4.15.2"
  resolved "https://registry.npmjs.org/express/-/express-4.15.2.tgz"
  integrity sha512-zcWjYahMpHMWzQub5h04Tx7EY1Kmef0KXA2024pIpJAObNYU2rzY/J66otPCc0Y1Xn6Y/nosFq2S2AzIXAHGRw==
  dependencies:
    accepts "~1.3.3"
    array-flatten "1.1.1"
    content-disposition "0.5.2"
    content-type "~1.0.2"
    cookie "0.3.1"
    cookie-signature "1.0.6"
    debug "2.6.1"
    depd "~1.1.0"
    encodeurl "~1.0.1"
    escape-html "~1.0.3"
    etag "~1.8.0"
    finalhandler "~1.0.0"
    fresh "0.5.0"
    merge-descriptors "1.0.1"
    methods "~1.1.2"
    on-finished "~2.3.0"
    parseurl "~1.3.1"
    path-to-regexp "0.1.7"
    proxy-addr "~1.1.3"
    qs "6.4.0"
    range-parser "~1.2.0"
    send "0.15.1"
    serve-static "1.12.1"
    setprototypeof "1.0.3"
    statuses "~1.3.1"
    type-is "~1.6.14"
    utils-merge "1.0.0"
    vary "~1.1.0"

extend@^3.0.0:
  version "3.0.1"
  resolved "https://registry.npmjs.org/extend/-/extend-3.0.1.tgz"
  integrity sha512-u1aUSYGdAQxyguoP919qsgj24krDCtaO/DJFNPwFmojMmKp14gtCTVsc8lQSqRDFrwAch+mxMWC8/6ZJPz5Hpw==

finalhandler@~1.0.0:
  version "1.0.2"
  resolved "https://registry.npmjs.org/finalhandler/-/finalhandler-1.0.2.tgz"
  integrity sha512-pJN03HWitZ0/S24+UcMTLamRkQEauALQSR7e35HQVcRsnYR5qoDaFG5v96jZazOof4B1MKYtV8Pgn34UI0hP2w==
  dependencies:
    debug "2.6.4"
    encodeurl "~1.0.1"
    escape-html "~1.0.3"
    on-finished "~2.3.0"
    parseurl "~1.3.1"
    statuses "~1.3.1"
    unpipe "~1.0.0"

form-data@^2.1.1:
  version "2.1.4"
  resolved "https://registry.npmjs.org/form-data/-/form-data-2.1.4.tgz"
  integrity sha512-8HWGSLAPr+AG0hBpsqi5Ob8HrLStN/LWeqhpFl14d7FJgHK48TmgLoALPz69XSUR65YJzDfLUX/BM8+MLJLghQ==
  dependencies:
    asynckit "^0.4.0"
    combined-stream "^1.0.5"
    mime-types "^2.1.12"

formidable@^1.1.1:
  version "1.1.1"
  resolved "https://registry.npmjs.org/formidable/-/formidable-1.1.1.tgz"
  integrity sha512-JHWvnUXVLZ6gZRggImTzYDdqIEHRXLKZt74HMK0DQskHIBGXW0aEXydyuLtc7f2KbyFc2ScRy2m6bxvDbQuStQ==

forwarded@~0.1.0:
  version "0.1.0"
  resolved "https://registry.npmjs.org/forwarded/-/forwarded-0.1.0.tgz"
  integrity sha512-h17abE+9l03GtF7H+Tdf/exIbFnOgiOieYrtBfleXuDTU3jGncrv4oLOIuXnFPveDuQPd9kd3MGkhKaMGoQwOA==

fresh@0.5.0:
  version "0.5.0"
  resolved "https://registry.npmjs.org/fresh/-/fresh-0.5.0.tgz"
  integrity sha512-FveevZlqNSIBombLEB9L3WyWg74r6d0sk+unzqKmt33b5egY0YXDFWIQ/t2Fzr9mgBLL0BlL0/rdg8Oq1C0SVw==

http-errors@~1.6.1:
  version "1.6.1"
  resolved "https://registry.npmjs.org/http-errors/-/http-errors-1.6.1.tgz"
  integrity sha512-O/lLS06486+l1FVAXghMHAJB3tCg2R5jvGnIQ47X4K1FzfsVs51djHpmwPSzkJ77qIihOV8ONelhSBgfHGG0FA==
  dependencies:
    depd "1.1.0"
    inherits "2.0.3"
    setprototypeof "1.0.3"
    statuses ">= 1.3.1 < 2"

inherits@~2.0.1, inherits@2.0.3:
  version "2.0.3"
  resolved "https://registry.npmjs.org/inherits/-/inherits-2.0.3.tgz"
  integrity sha512-x00IRNXNy63jwGkJmzPigoySHbaqpNuzKbBOmzK+g2OdZpQ9w+sxCN+VSB3ja7IAge2OP2qpfxTjeNcyjmW1uw==

ipaddr.js@1.3.0:
  version "1.3.0"
  resolved "https://registry.npmjs.org/ipaddr.js/-/ipaddr.js-1.3.0.tgz"
  integrity sha512-d9mR/MvadaWPcqIpjtiKLgmNlO3587a9a+ZRUcwD4zguIV+zh+OX9U5/+ce5Ouw4DA54f+EMzmwCJDtlYoaR8Q==

isarray@~1.0.0:
  version "1.0.0"
  resolved "https://registry.npmjs.org/isarray/-/isarray-1.0.0.tgz"
  integrity sha512-VLghIWNM6ELQzo7zwmcg0NmTVyWKYjvIeM83yjp0wRDTmUnrM678fQbcKBo6n2CJEF0szoG//ytg+TKla89ALQ==

media-typer@0.3.0:
  version "0.3.0"
  resolved "https://registry.npmjs.org/media-typer/-/media-typer-0.3.0.tgz"
  integrity sha512-dq+qelQ9akHpcOl/gUVRTxVIOkAJ1wR3QAvb4RsVjS8oVoFjDGTc679wJYmUmknUF5HwMLOgb5O+a3KxfWapPQ==

merge-descriptors@1.0.1:
  version "1.0.1"
  resolved "https://registry.npmjs.org/merge-descriptors/-/merge-descriptors-1.0.1.tgz"
  integrity sha512-cCi6g3/Zr1iqQi6ySbseM1Xvooa98N0w31jzUYrXPX2xqObmFGHJ0tQ5u74H3mVh7wLouTseZyYIq39g8cNp1w==

methods@^1.1.1, methods@~1.1.2:
  version "1.1.2"
  resolved "https://registry.npmjs.org/methods/-/methods-1.1.2.tgz"
  integrity sha512-iclAHeNqNm68zFtnZ0e+1L2yUIdvzNoauKU4WBA3VvH/vPFieF7qfRlwUZU+DA9P9bPXIS90ulxoUoCH23sV2w==

mime-db@~1.27.0:
  version "1.27.0"
  resolved "https://registry.npmjs.org/mime-db/-/mime-db-1.27.0.tgz"
  integrity sha512-DNhC90PjVkQJpLVP+ct0lmKPQWAHFy+67X8IBOx+mda/I9vsrdJO/zoyEJdQdLsofi/l8GAG+IsfB0XCPLyLHg==

mime-types@^2.1.12, mime-types@~2.1.11, mime-types@~2.1.15:
  version "2.1.15"
  resolved "https://registry.npmjs.org/mime-types/-/mime-types-2.1.15.tgz"
  integrity sha512-PjleM8evsL+OvsuE6EXom+8QAcSYALjmw+vYFqH8I+/+wNlewVgbM7/O1wcdCVL/ta8SC6l6BEK7A0/mZywpfg==
  dependencies:
    mime-db "~1.27.0"

mime@^1.3.4, mime@1.3.4:
  version "1.3.4"
  resolved "https://registry.npmjs.org/mime/-/mime-1.3.4.tgz"
  integrity sha512-sAaYXszED5ALBt665F0wMQCUXpGuZsGdopoqcHPdL39ZYdi7uHoZlhrfZfhv8WzivhBzr/oXwaj+yiK5wY8MXQ==

morgan@^1.8.1:
  version "1.8.1"
  resolved "https://registry.npmjs.org/morgan/-/morgan-1.8.1.tgz"
  integrity sha512-aoRMOJL9XCA0Q4ur3UnE+olo4zu2gPp9Zmtw3hLO+ssL1Ju2bUR7hC3OPNM9Xv6sdHdCFpEZmC3rnPW81RFOvQ==
  dependencies:
    basic-auth "~1.1.0"
    debug "2.6.1"
    depd "~1.1.0"
    on-finished "~2.3.0"
    on-headers "~1.0.1"

ms@0.7.2:
  version "0.7.2"
  resolved "https://registry.npmjs.org/ms/-/ms-0.7.2.tgz"
  integrity sha512-5NnE67nQSQDJHVahPJna1PQ/zCXMnQop3yUCxjKPNzCxuyPSKWTQ/5Gu5CZmjetwGLWRA+PzeF5thlbOdbQldA==

ms@0.7.3:
  version "0.7.3"
  resolved "https://registry.npmjs.org/ms/-/ms-0.7.3.tgz"
  integrity sha512-lrKNzMWqQZgwJahtrtrM+9NgOoDUveDrVmm5aGXrf3BdtL0mq7X6IVzoZaw+TfNti29eHd1/8GI+h45K5cQ6/w==

negotiator@0.6.1:
  version "0.6.1"
  resolved "https://registry.npmjs.org/negotiator/-/negotiator-0.6.1.tgz"
  integrity sha512-qTxkr1RoLw5Pz+1+PTJ/66hWuyi2LEOeOuIDJDlx6JF8x75bmD5C7qXTg2UlX5W9rLfkqKP+r8q6Vy6NWdWrbw==

on-finished@~2.3.0:
  version "2.3.0"
  resolved "https://registry.npmjs.org/on-finished/-/on-finished-2.3.0.tgz"
  integrity sha512-ikqdkGAAyf/X/gPhXGvfgAytDZtDbr+bkNUJ0N9h5MI/dmdgCs3l6hoHrcUv41sRKew3jIwrp4qQDXiK99Utww==
  dependencies:
    ee-first "1.1.1"

on-headers@~1.0.1:
  version "1.0.1"
  resolved "https://registry.npmjs.org/on-headers/-/on-headers-1.0.1.tgz"
  integrity sha512-Hmfug855QMIrXA8SCoblfPRTzkGwAOMaSygo5hN2fC5Se2YJLJGPaC0wytTWMAplYipqVY9FZQLKGQjwqoYyqA==

parseurl@~1.3.1:
  version "1.3.1"
  resolved "https://registry.npmjs.org/parseurl/-/parseurl-1.3.1.tgz"
  integrity sha512-jcXcz8qX3IIi+Uf1Ut1TS2aNx2pLbVcFxIWZMcErWNrqFfTE1e+Q1stJkCOnzWBsxCTZJ0xmHtT4P8K0DnQQRA==

path-to-regexp@0.1.7:
  version "0.1.7"
  resolved "https://registry.npmjs.org/path-to-regexp/-/path-to-regexp-0.1.7.tgz"
  integrity sha512-5DFkuoqlv1uYQKxy8omFBeJPQcdoE07Kv2sferDCrAq1ohOU+MSDswDIbnx3YAM60qIOnYa53wBhXW0EbMonrQ==

process-nextick-args@~1.0.6:
  version "1.0.7"
  resolved "https://registry.npmjs.org/process-nextick-args/-/process-nextick-args-1.0.7.tgz"
  integrity sha512-yN0WQmuCX63LP/TMvAg31nvT6m4vDqJEiiv2CAZqWOGNWutc9DfDk1NPYYmKUFmaVM2UwDowH4u5AHWYP/jxKw==

proxy-addr@~1.1.3:
  version "1.1.4"
  resolved "https://registry.npmjs.org/proxy-addr/-/proxy-addr-1.1.4.tgz"
  integrity sha512-G/noElq/twFBfS4WnyIyGwJgBeUTmsiMnpy1H8jRsBBcP0vn9ncxIZKA2PkK5guEUbb+98BduZnrupe1AN3ziw==
  dependencies:
    forwarded "~0.1.0"
    ipaddr.js "1.3.0"

qs@^6.1.0, qs@6.4.0:
  version "6.4.0"
  resolved "https://registry.npmjs.org/qs/-/qs-6.4.0.tgz"
  integrity sha512-Qs6dfgR5OksK/PSxl1kGxiZgEQe8RqJMB9wZqVlKQfU+zzV+HY77pWJnoJENACKDQByWdpr8ZPIh1TBi4lpiSQ==

range-parser@~1.2.0:
  version "1.2.0"
  resolved "https://registry.npmjs.org/range-parser/-/range-parser-1.2.0.tgz"
  integrity sha512-kA5WQoNVo4t9lNx2kQNFCxKeBl5IbbSNBl1M/tLkw9WCn+hxNBAW5Qh8gdhs63CJnhjJ2zQWFoqPJP2sK1AV5A==

readable-stream@^2.0.5:
  version "2.2.9"
  resolved "https://registry.npmjs.org/readable-stream/-/readable-stream-2.2.9.tgz"
  integrity sha512-iuxqX7b7FYt08AriYECxUsK9KTXE3A/FenxIa3IPmvANHxaTP/wGIwwf+IidvvIDk/MsCp/oEV6A8CXo4SDcCg==
  dependencies:
    buffer-shims "~1.0.0"
    core-util-is "~1.0.0"
    inherits "~2.0.1"
    isarray "~1.0.0"
    process-nextick-args "~1.0.6"
    string_decoder "~1.0.0"
    util-deprecate "~1.0.1"

send@0.15.1:
  version "0.15.1"
  resolved "https://registry.npmjs.org/send/-/send-0.15.1.tgz"
  integrity sha512-mDWpAnBCtb9eQJCpZwH8lHf2bFfKl3H575n/xcBU3xfH+gYoHTxfTZ1EhQF+W5k2SpsaRtQTLjhAAjDFekdEgw==
  dependencies:
    debug "2.6.1"
    depd "~1.1.0"
    destroy "~1.0.4"
    encodeurl "~1.0.1"
    escape-html "~1.0.3"
    etag "~1.8.0"
    fresh "0.5.0"
    http-errors "~1.6.1"
    mime "1.3.4"
    ms "0.7.2"
    on-finished "~2.3.0"
    range-parser "~1.2.0"
    statuses "~1.3.1"

serve-static@1.12.1:
  version "1.12.1"
  resolved "https://registry.npmjs.org/serve-static/-/serve-static-1.12.1.tgz"
  integrity sha512-/bjOTafwjEin0RIKpFxB6n82TVPV/z0fH2InaCTkUrxmDQZuPZe/aSqHpOSfzguS1k5oHbf6gWKw0fSUOlKa0A==
  dependencies:
    encodeurl "~1.0.1"
    escape-html "~1.0.3"
    parseurl "~1.3.1"
    send "0.15.1"

setprototypeof@1.0.3:
  version "1.0.3"
  resolved "https://registry.npmjs.org/setprototypeof/-/setprototypeof-1.0.3.tgz"
  integrity sha512-9jphSf3UbIgpOX/RKvX02iw/rN2TKdusnsPpGfO/rkcsrd+IRqgHZb4VGnmL0Cynps8Nj2hN45wsi30BzrHDIw==

should-equal@^1.0.0:
  version "1.0.1"
  resolved "https://registry.npmjs.org/should-equal/-/should-equal-1.0.1.tgz"
  integrity sha512-V78BKdBq92TbvEHjVJRwWItXtV6G813dMBviJZ01sn57sdOqb8pJUPHZhs9vUa8e6wQOHzPW7RTWv5wFFyJYmQ==
  dependencies:
    should-type "^1.0.0"

should-format@^3.0.2:
  version "3.0.3"
  resolved "https://registry.npmjs.org/should-format/-/should-format-3.0.3.tgz"
  integrity sha512-hZ58adtulAk0gKtua7QxevgUaXTTXxIi8t41L3zo9AHvjXO1/7sdLECuHeIN2SRtYXpNkmhoUP2pdeWgricQ+Q==
  dependencies:
    should-type "^1.3.0"
    should-type-adaptors "^1.0.1"

should-type-adaptors@^1.0.1:
  version "1.0.1"
  resolved "https://registry.npmjs.org/should-type-adaptors/-/should-type-adaptors-1.0.1.tgz"
  integrity sha512-bKX3c6kWm5hgd8cW/7q+7EodIvgkirhuDkUQ3QodfL8L2MQtWmz+GPlBb9L40MQPvmicaCrvkzDTokA6zXlhEA==
  dependencies:
    should-type "^1.3.0"
    should-util "^1.0.0"

should-type@^1.0.0, should-type@^1.3.0, should-type@^1.4.0:
  version "1.4.0"
  resolved "https://registry.npmjs.org/should-type/-/should-type-1.4.0.tgz"
  integrity sha512-MdAsTu3n25yDbIe1NeN69G4n6mUnJGtSJHygX3+oN0ZbO3DTiATnf7XnYJdGT42JCXurTb1JI0qOBR65shvhPQ==

should-util@^1.0.0:
  version "1.0.0"
  resolved "https://registry.npmjs.org/should-util/-/should-util-1.0.0.tgz"
  integrity sha512-wAv/dBL5cz8PYNqGUZHE2dFhd7vRUCF01dJVBiNOFn+eJsOCMDMMRflh4uLTGS7IupUxnjBFzDpMtYooBUB0XQ==

should@^11.2.1:
  version "11.2.1"
  resolved "https://registry.npmjs.org/should/-/should-11.2.1.tgz"
  integrity sha512-TsX7f9e6f7h+ijEJwga7baYTCspzs0KJRJafafCqiPpgp2/eZ1b7LK3RNZZ5uIK8J0nhFOXVvpbcRwy09piO4w==
  dependencies:
    should-equal "^1.0.0"
    should-format "^3.0.2"
    should-type "^1.4.0"
    should-type-adaptors "^1.0.1"
    should-util "^1.0.0"

"statuses@>= 1.3.1 < 2", statuses@~1.3.1:
  version "1.3.1"
  resolved "https://registry.npmjs.org/statuses/-/statuses-1.3.1.tgz"
  integrity sha512-wuTCPGlJONk/a1kqZ4fQM2+908lC7fa7nPYpTC1EhnvqLX/IICbeP1OZGDtA374trpSq68YubKUMo8oRhN46yg==

string_decoder@~1.0.0:
  version "1.0.0"
  resolved "https://registry.npmjs.org/string_decoder/-/string_decoder-1.0.0.tgz"
  integrity sha512-W3xBL2XOY6wH8jdognQCwUGcvT0foutNqg729ypD+ZJlTy28dCQSbAViftVhOEOUQGxZdUki53AzHsRSXw3wTg==
  dependencies:
    buffer-shims "~1.0.0"

superagent@^3.0.0:
  version "3.5.2"
  resolved "https://registry.npmjs.org/superagent/-/superagent-3.5.2.tgz"
  integrity sha512-6D+s7hJXmxQM20Cp12ZVaVYtGJOJcwaR04E22ACIm1v7n+/9lUOUKu2YPjleqXBxMDjP/MtZaJeCpj1fDRe2Nw==
  dependencies:
    component-emitter "^1.2.0"
    cookiejar "^2.0.6"
    debug "^2.2.0"
    extend "^3.0.0"
    form-data "^2.1.1"
    formidable "^1.1.1"
    methods "^1.1.1"
    mime "^1.3.4"
    qs "^6.1.0"
    readable-stream "^2.0.5"

supertest@^3.0.0:
  version "3.0.0"
  resolved "https://registry.npmjs.org/supertest/-/supertest-3.0.0.tgz"
  integrity sha512-qpiarzDVqh36Q5SfYoCr57Z1HukIUI0WUaXRef9vNj8FrgB/diGLILtxOTh/B8ye2bDCHexMtSwxugL9fI7O4A==
  dependencies:
    methods "~1.1.2"
    superagent "^3.0.0"

type-is@~1.6.14:
  version "1.6.15"
  resolved "https://registry.npmjs.org/type-is/-/type-is-1.6.15.tgz"
  integrity sha512-0uqZYZDiBICTVXEsNcDLueZLPgZ8FgGe8lmVDQ0FcVFUeaxsPbFWiz60ZChVw8VELIt7iGuCehOrZSYjYteWKQ==
  dependencies:
    media-typer "0.3.0"
    mime-types "~2.1.15"

unpipe@~1.0.0:
  version "1.0.0"
  resolved "https://registry.npmjs.org/unpipe/-/unpipe-1.0.0.tgz"
  integrity sha512-pjy2bYhSsufwWlKwPc+l3cN7+wuJlK6uz0YdJEOlQDbl6jo/YlPi4mb8agUkVC8BF7V8NuzeyPNqRksA3hztKQ==

util-deprecate@~1.0.1:
  version "1.0.2"
  resolved "https://registry.npmjs.org/util-deprecate/-/util-deprecate-1.0.2.tgz"
  integrity sha512-EPD5q1uXyFxJpCrLnCc1nHnq3gOa6DZBocAIiI2TaSCA7VCJ1UJDMagCzIkXNsUYfD1daK//LTEQ8xiIbrHtcw==

utils-merge@1.0.0:
  version "1.0.0"
  resolved "https://registry.npmjs.org/utils-merge/-/utils-merge-1.0.0.tgz"
  integrity sha512-HwU9SLQEtyo+0uoKXd1nkLqigUWLB+QuNQR4OcmB73eWqksM5ovuqcycks2x043W8XVb75rG1HQ0h93TMXkzQQ==

vary@~1.1.0:
  version "1.1.1"
  resolved "https://registry.npmjs.org/vary/-/vary-1.1.1.tgz"
  integrity sha512-kCupYIvF6ltl975bvRTPK/Ml8aAZ32u1JgZ4QpuL20w3lWEJYlD90NQmXIcnAliEDN62MA4V96A2uq5cBsHSJA==
